NeoBundleLock caw.vim 6591ed28caef2d3175298818c5f38ce9ec692416
NeoBundleLock indentLine 87a29facd8fbaffd4db3972bb555cfe51f2bac42
NeoBundleLock jedi-vim dc23f0b859d3b5c087921b68cf7cd66803ecca83
NeoBundleLock lightline.vim 6c64730b04d82f2eeb4c11cc907bf17c13543a93
NeoBundleLock neobundle.vim 516d8ee25d55148b09349b8a1110ee40e8f26fbf
NeoBundleLock neocomplete-rsense.vim a8b7460a41eb96aa1c9e49b231dd95e216c8dc2d
NeoBundleLock neocomplete.vim de6822e7581cfce8c906ed6e9ba863a0dde78352
NeoBundleLock neomru.vim bab3124e3ff52dc70d30fd741ba0b8d718cae4d9
NeoBundleLock rsense 2952a54972cf927d5419085d1867b65ff7ab0d41
NeoBundleLock syntastic 91814d6723b03ea9f9437e1950d12861957d4b9a
NeoBundleLock unite.vim da791c335135fbd460caa8c8e4671e324ef1f328
NeoBundleLock vim-endwise 526fe36bd23120077f65856fe986c64a3e49a03a
NeoBundleLock vim-flake8 21bc78d9a3a17653dd5ea1f6a6c92445d23b215b
NeoBundleLock vim-fugitive 18d6d1ab82d9ac15586d7d3c1a36f9ef6fb50eae
NeoBundleLock vim-go 70c363044df808e34d947815d01a37d4e7564421
NeoBundleLock vim-ref 007b0ac409100cf2b83eb7dace5c8235e3737fef
NeoBundleLock vim-ref-ri e3a2dbb71af73bf15c9c2134cc3630edc60331eb
NeoBundleLock vimproc.vim f96e476e41ab4cdb9c37242c8cf76f1e5aa5b91d
