NeoBundleLock indentLine 300c719b3e0348a65457109386ded3f32f7cd319
NeoBundleLock neobundle.vim 24b7f21979d304eb8c15c301893f6ac98c425cd1
NeoBundleLock neocomplete-rsense.vim a8b7460a41eb96aa1c9e49b231dd95e216c8dc2d
NeoBundleLock neocomplete.vim f594c1270c86140927c51acabb9a90c74a3292e6
NeoBundleLock rsense 2952a54972cf927d5419085d1867b65ff7ab0d41
NeoBundleLock syntastic 630169bfc21bf5a114616238810e4b31b19eb983
NeoBundleLock vim-endwise f06abe3d6eca6f6ebfc31ea3163a51575f450df6
NeoBundleLock vim-ref 007b0ac409100cf2b83eb7dace5c8235e3737fef
NeoBundleLock vim-ref-ri e3a2dbb71af73bf15c9c2134cc3630edc60331eb
