NeoBundleLock neobundle.vim 24b7f21979d304eb8c15c301893f6ac98c425cd1
NeoBundleLock neocomplete-rsense.vim a8b7460a41eb96aa1c9e49b231dd95e216c8dc2d
NeoBundleLock neocomplete.vim f594c1270c86140927c51acabb9a90c74a3292e6
NeoBundleLock rsense 2952a54972cf927d5419085d1867b65ff7ab0d41
NeoBundleLock vim-endwise f06abe3d6eca6f6ebfc31ea3163a51575f450df6
